// !$*UTF8*$!
{
	archiveVersion = 1;
	classes = {
	};
	objectVersion = 50;
	objects = {

/* Begin PBXBuildFile section */
		5F56DDCB20EF626400513316 /* AppDelegate.swift in Sources */ = {isa = PBXBuildFile; fileRef = 5F56DDCA20EF626400513316 /* AppDelegate.swift */; };
		5F56DDCD20EF626400513316 /* ViewController.swift in Sources */ = {isa = PBXBuildFile; fileRef = 5F56DDCC20EF626400513316 /* ViewController.swift */; };
		5F56DDD020EF626400513316 /* Main.storyboard in Resources */ = {isa = PBXBuildFile; fileRef = 5F56DDCE20EF626400513316 /* Main.storyboard */; };
		5F56DDD220EF626700513316 /* Assets.xcassets in Resources */ = {isa = PBXBuildFile; fileRef = 5F56DDD120EF626700513316 /* Assets.xcassets */; };
		5F56DDD520EF626700513316 /* LaunchScreen.storyboard in Resources */ = {isa = PBXBuildFile; fileRef = 5F56DDD320EF626700513316 /* LaunchScreen.storyboard */; };
		5F56DDE020EF626700513316 /* GitTestTests.swift in Sources */ = {isa = PBXBuildFile; fileRef = 5F56DDDF20EF626700513316 /* GitTestTests.swift */; };
		5F56DDEB20EF626700513316 /* GitTestUITests.swift in Sources */ = {isa = PBXBuildFile; fileRef = 5F56DDEA20EF626700513316 /* GitTestUITests.swift */; };
/* End PBXBuildFile section */

/* Begin PBXContainerItemProxy section */
		5F56DDDC20EF626700513316 /* PBXContainerItemProxy */ = {
			isa = PBXContainerItemProxy;
			containerPortal = 5F56DDBF20EF626400513316 /* Project object */;
			proxyType = 1;
			remoteGlobalIDString = 5F56DDC620EF626400513316;
			remoteInfo = GitTest;
		};
		5F56DDE720EF626700513316 /* PBXContainerItemProxy */ = {
			isa = PBXContainerItemProxy;
			containerPortal = 5F56DDBF20EF626400513316 /* Project object */;
			proxyType = 1;
			remoteGlobalIDString = 5F56DDC620EF626400513316;
			remoteInfo = GitTest;
		};
/* End PBXContainerItemProxy section */

/* Begin PBXFileReference section */
		5F56DDC720EF626400513316 /* GitTest.app */ = {isa = PBXFileReference; explicitFileType = wrapper.application; includeInIndex = 0; path = GitTest.app; sourceTree = BUILT_PRODUCTS_DIR; };
		5F56DDCA20EF626400513316 /* AppDelegate.swift */ = {isa = PBXFileReference; lastKnownFileType = sourcecode.swift; path = AppDelegate.swift; sourceTree = "<group>"; };
		5F56DDCC20EF626400513316 /* ViewController.swift */ = {isa = PBXFileReference; lastKnownFileType = sourcecode.swift; path = ViewController.swift; sourceTree = "<group>"; };
		5F56DDCF20EF626400513316 /* Base */ = {isa = PBXFileReference; lastKnownFileType = file.storyboard; name = Base; path = Base.lproj/Main.storyboard; sourceTree = "<group>"; };
		5F56DDD120EF626700513316 /* Assets.xcassets */ = {isa = PBXFileReference; lastKnownFileType = folder.assetcatalog; path = Assets.xcassets; sourceTree = "<group>"; };
		5F56DDD420EF626700513316 /* Base */ = {isa = PBXFileReference; lastKnownFileType = file.storyboard; name = Base; path = Base.lproj/LaunchScreen.storyboard; sourceTree = "<group>"; };
		5F56DDD620EF626700513316 /* Info.plist */ = {isa = PBXFileReference; lastKnownFileType = text.plist.xml; path = Info.plist; sourceTree = "<group>"; };
		5F56DDDB20EF626700513316 /* GitTestTests.xctest */ = {isa = PBXFileReference; explicitFileType = wrapper.cfbundle; includeInIndex = 0; path = GitTestTests.xctest; sourceTree = BUILT_PRODUCTS_DIR; };
		5F56DDDF20EF626700513316 /* GitTestTests.swift */ = {isa = PBXFileReference; lastKnownFileType = sourcecode.swift; path = GitTestTests.swift; sourceTree = "<group>"; };
		5F56DDE120EF626700513316 /* Info.plist */ = {isa = PBXFileReference; lastKnownFileType = text.plist.xml; path = Info.plist; sourceTree = "<group>"; };
		5F56DDE620EF626700513316 /* GitTestUITests.xctest */ = {isa = PBXFileReference; explicitFileType = wrapper.cfbundle; includeInIndex = 0; path = GitTestUITests.xctest; sourceTree = BUILT_PRODUCTS_DIR; };
		5F56DDEA20EF626700513316 /* GitTestUITests.swift */ = {isa = PBXFileReference; lastKnownFileType = sourcecode.swift; path = GitTestUITests.swift; sourceTree = "<group>"; };
		5F56DDEC20EF626700513316 /* Info.plist */ = {isa = PBXFileReference; lastKnownFileType = text.plist.xml; path = Info.plist; sourceTree = "<group>"; };
/* End PBXFileReference section */

/* Begin PBXFrameworksBuildPhase section */
		5F56DDC420EF626400513316 /* Frameworks */ = {
			isa = PBXFrameworksBuildPhase;
			buildActionMask = 2147483647;
			files = (
			);
			runOnlyForDeploymentPostprocessing = 0;
		};
		5F56DDD820EF626700513316 /* Frameworks */ = {
			isa = PBXFrameworksBuildPhase;
			buildActionMask = 2147483647;
			files = (
			);
			runOnlyForDeploymentPostprocessing = 0;
		};
		5F56DDE320EF626700513316 /* Frameworks */ = {
			isa = PBXFrameworksBuildPhase;
			buildActionMask = 2147483647;
			files = (
			);
			runOnlyForDeploymentPostprocessing = 0;
		};
/* End PBXFrameworksBuildPhase section */

/* Begin PBXGroup section */
		5F56DDBE20EF626400513316 = {
			isa = PBXGroup;
			children = (
				5F56DDC920EF626400513316 /* GitTest */,
				5F56DDDE20EF626700513316 /* GitTestTests */,
				5F56DDE920EF626700513316 /* GitTestUITests */,
				5F56DDC820EF626400513316 /* Products */,
			);
			sourceTree = "<group>";
		};
		5F56DDC820EF626400513316 /* Products */ = {
			isa = PBXGroup;
			children = (
				5F56DDC720EF626400513316 /* GitTest.app */,
				5F56DDDB20EF626700513316 /* GitTestTests.xctest */,
				5F56DDE620EF626700513316 /* GitTestUITests.xctest */,
			);
			name = Products;
			sourceTree = "<group>";
		};
		5F56DDC920EF626400513316 /* GitTest */ = {
			isa = PBXGroup;
			children = (
				5F56DDCA20EF626400513316 /* AppDelegate.swift */,
				5F56DDCC20EF626400513316 /* ViewController.swift */,
				5F56DDCE20EF626400513316 /* Main.storyboard */,
				5F56DDD120EF626700513316 /* Assets.xcassets */,
				5F56DDD320EF626700513316 /* LaunchScreen.storyboard */,
				5F56DDD620EF626700513316 /* Info.plist */,
			);
			path = GitTest;
			sourceTree = "<group>";
		};
		5F56DDDE20EF626700513316 /* GitTestTests */ = {
			isa = PBXGroup;
			children = (
				5F56DDDF20EF626700513316 /* GitTestTests.swift */,
				5F56DDE120EF626700513316 /* Info.plist */,
			);
			path = GitTestTests;
			sourceTree = "<group>";
		};
		5F56DDE920EF626700513316 /* GitTestUITests */ = {
			isa = PBXGroup;
			children = (
				5F56DDEA20EF626700513316 /* GitTestUITests.swift */,
				5F56DDEC20EF626700513316 /* Info.plist */,
			);
			path = GitTestUITests;
			sourceTree = "<group>";
		};
/* End PBXGroup section */

/* Begin PBXNativeTarget section */
		5F56DDC620EF626400513316 /* GitTest */ = {
			isa = PBXNativeTarget;
			buildConfigurationList = 5F56DDEF20EF626700513316 /* Build configuration list for PBXNativeTarget "GitTest" */;
			buildPhases = (
				5F56DDC320EF626400513316 /* Sources */,
				5F56DDC420EF626400513316 /* Frameworks */,
				5F56DDC520EF626400513316 /* Resources */,
			);
			buildRules = (
			);
			dependencies = (
			);
			name = GitTest;
			productName = GitTest;
			productReference = 5F56DDC720EF626400513316 /* GitTest.app */;
			productType = "com.apple.product-type.application";
		};
		5F56DDDA20EF626700513316 /* GitTestTests */ = {
			isa = PBXNativeTarget;
			buildConfigurationList = 5F56DDF220EF626700513316 /* Build configuration list for PBXNativeTarget "GitTestTests" */;
			buildPhases = (
				5F56DDD720EF626700513316 /* Sources */,
				5F56DDD820EF626700513316 /* Frameworks */,
				5F56DDD920EF626700513316 /* Resources */,
			);
			buildRules = (
			);
			dependencies = (
				5F56DDDD20EF626700513316 /* PBXTargetDependency */,
			);
			name = GitTestTests;
			productName = GitTestTests;
			productReference = 5F56DDDB20EF626700513316 /* GitTestTests.xctest */;
			productType = "com.apple.product-type.bundle.unit-test";
		};
		5F56DDE520EF626700513316 /* GitTestUITests */ = {
			isa = PBXNativeTarget;
			buildConfigurationList = 5F56DDF520EF626700513316 /* Build configuration list for PBXNativeTarget "GitTestUITests" */;
			buildPhases = (
				5F56DDE220EF626700513316 /* Sources */,
				5F56DDE320EF626700513316 /* Frameworks */,
				5F56DDE420EF626700513316 /* Resources */,
			);
			buildRules = (
			);
			dependencies = (
				5F56DDE820EF626700513316 /* PBXTargetDependency */,
			);
			name = GitTestUITests;
			productName = GitTestUITests;
			productReference = 5F56DDE620EF626700513316 /* GitTestUITests.xctest */;
			productType = "com.apple.product-type.bundle.ui-testing";
		};
/* End PBXNativeTarget section */

/* Begin PBXProject section */
		5F56DDBF20EF626400513316 /* Project object */ = {
			isa = PBXProject;
			attributes = {
				LastSwiftUpdateCheck = 0940;
				LastUpgradeCheck = 0940;
				ORGANIZATIONNAME = "Kurt Warson";
				TargetAttributes = {
					5F56DDC620EF626400513316 = {
						CreatedOnToolsVersion = 9.4.1;
					};
					5F56DDDA20EF626700513316 = {
						CreatedOnToolsVersion = 9.4.1;
						TestTargetID = 5F56DDC620EF626400513316;
					};
					5F56DDE520EF626700513316 = {
						CreatedOnToolsVersion = 9.4.1;
						TestTargetID = 5F56DDC620EF626400513316;
					};
				};
			};
			buildConfigurationList = 5F56DDC220EF626400513316 /* Build configuration list for PBXProject "GitTest" */;
			compatibilityVersion = "Xcode 9.3";
			developmentRegion = en;
			hasScannedForEncodings = 0;
			knownRegions = (
				en,
				Base,
			);
			mainGroup = 5F56DDBE20EF626400513316;
			productRefGroup = 5F56DDC820EF626400513316 /* Products */;
			projectDirPath = "";
			projectRoot = "";
			targets = (
				5F56DDC620EF626400513316 /* GitTest */,
				5F56DDDA20EF626700513316 /* GitTestTests */,
				5F56DDE520EF626700513316 /* GitTestUITests */,
			);
		};
/* End PBXProject section */

/* Begin PBXResourcesBuildPhase section */
		5F56DDC520EF626400513316 /* Resources */ = {
			isa = PBXResourcesBuildPhase;
			buildActionMask = 2147483647;
			files = (
				5F56DDD520EF626700513316 /* LaunchScreen.storyboard in Resources */,
				5F56DDD220EF626700513316 /* Assets.xcassets in Resources */,
				5F56DDD020EF626400513316 /* Main.storyboard in Resources */,
			);
			runOnlyForDeploymentPostprocessing = 0;
		};
		5F56DDD920EF626700513316 /* Resources */ = {
			isa = PBXResourcesBuildPhase;
			buildActionMask = 2147483647;
			files = (
			);
			runOnlyForDeploymentPostprocessing = 0;
		};
		5F56DDE420EF626700513316 /* Resources */ = {
			isa = PBXResourcesBuildPhase;
			buildActionMask = 2147483647;
			files = (
			);
			runOnlyForDeploymentPostprocessing = 0;
		};
/* End PBXResourcesBuildPhase section */

/* Begin PBXSourcesBuildPhase section */
		5F56DDC320EF626400513316 /* Sources */ = {
			isa = PBXSourcesBuildPhase;
			buildActionMask = 2147483647;
			files = (
				5F56DDCD20EF626400513316 /* ViewController.swift in Sources */,
				5F56DDCB20EF626400513316 /* AppDelegate.swift in Sources */,
			);
			runOnlyForDeploymentPostprocessing = 0;
		};
		5F56DDD720EF626700513316 /* Sources */ = {
			isa = PBXSourcesBuildPhase;
			buildActionMask = 2147483647;
			files = (
				5F56DDE020EF626700513316 /* GitTestTests.swift in Sources */,
			);
			runOnlyForDeploymentPostprocessing = 0;
		};
		5F56DDE220EF626700513316 /* Sources */ = {
			isa = PBXSourcesBuildPhase;
			buildActionMask = 2147483647;
			files = (
				5F56DDEB20EF626700513316 /* GitTestUITests.swift in Sources */,
			);
			runOnlyForDeploymentPostprocessing = 0;
		};
/* End PBXSourcesBuildPhase section */

/* Begin PBXTargetDependency section */
		5F56DDDD20EF626700513316 /* PBXTargetDependency */ = {
			isa = PBXTargetDependency;
			target = 5F56DDC620EF626400513316 /* GitTest */;
			targetProxy = 5F56DDDC20EF626700513316 /* PBXContainerItemProxy */;
		};
		5F56DDE820EF626700513316 /* PBXTargetDependency */ = {
			isa = PBXTargetDependency;
			target = 5F56DDC620EF626400513316 /* GitTest */;
			targetProxy = 5F56DDE720EF626700513316 /* PBXContainerItemProxy */;
		};
/* End PBXTargetDependency section */

/* Begin PBXVariantGroup section */
		5F56DDCE20EF626400513316 /* Main.storyboard */ = {
			isa = PBXVariantGroup;
			children = (
				5F56DDCF20EF626400513316 /* Base */,
			);
			name = Main.storyboard;
			sourceTree = "<group>";
		};
		5F56DDD320EF626700513316 /* LaunchScreen.storyboard */ = {
			isa = PBXVariantGroup;
			children = (
				5F56DDD420EF626700513316 /* Base */,
			);
			name = LaunchScreen.storyboard;
			sourceTree = "<group>";
		};
/* End PBXVariantGroup section */

/* Begin XCBuildConfiguration section */
		5F56DDED20EF626700513316 /* Debug */ = {
			isa = XCBuildConfiguration;
			buildSettings = {
				ALWAYS_SEARCH_USER_PATHS = NO;
				CLANG_ANALYZER_NONNULL = YES;
				CLANG_ANALYZER_NUMBER_OBJECT_CONVERSION = YES_AGGRESSIVE;
				CLANG_CXX_LANGUAGE_STANDARD = "gnu++14";
				CLANG_CXX_LIBRARY = "libc++";
				CLANG_ENABLE_MODULES = YES;
				CLANG_ENABLE_OBJC_ARC = YES;
				CLANG_ENABLE_OBJC_WEAK = YES;
				CLANG_WARN_BLOCK_CAPTURE_AUTORELEASING = YES;
				CLANG_WARN_BOOL_CONVERSION = YES;
				CLANG_WARN_COMMA = YES;
				CLANG_WARN_CONSTANT_CONVERSION = YES;
				CLANG_WARN_DEPRECATED_OBJC_IMPLEMENTATIONS = YES;
				CLANG_WARN_DIRECT_OBJC_ISA_USAGE = YES_ERROR;
				CLANG_WARN_DOCUMENTATION_COMMENTS = YES;
				CLANG_WARN_EMPTY_BODY = YES;
				CLANG_WARN_ENUM_CONVERSION = YES;
				CLANG_WARN_INFINITE_RECURSION = YES;
				CLANG_WARN_INT_CONVERSION = YES;
				CLANG_WARN_NON_LITERAL_NULL_CONVERSION = YES;
				CLANG_WARN_OBJC_IMPLICIT_RETAIN_SELF = YES;
				CLANG_WARN_OBJC_LITERAL_CONVERSION = YES;
				CLANG_WARN_OBJC_ROOT_CLASS = YES_ERROR;
				CLANG_WARN_RANGE_LOOP_ANALYSIS = YES;
				CLANG_WARN_STRICT_PROTOTYPES = YES;
				CLANG_WARN_SUSPICIOUS_MOVE = YES;
				CLANG_WARN_UNGUARDED_AVAILABILITY = YES_AGGRESSIVE;
				CLANG_WARN_UNREACHABLE_CODE = YES;
				CLANG_WARN__DUPLICATE_METHOD_MATCH = YES;
				CODE_SIGN_IDENTITY = "iPhone Developer";
				COPY_PHASE_STRIP = NO;
				DEBUG_INFORMATION_FORMAT = dwarf;
				ENABLE_STRICT_OBJC_MSGSEND = YES;
				ENABLE_TESTABILITY = YES;
				GCC_C_LANGUAGE_STANDARD = gnu11;
				GCC_DYNAMIC_NO_PIC = NO;
				GCC_NO_COMMON_BLOCKS = YES;
				GCC_OPTIMIZATION_LEVEL = 0;
				GCC_PREPROCESSOR_DEFINITIONS = (
					"DEBUG=1",
					"$(inherited)",
				);
				GCC_WARN_64_TO_32_BIT_CONVERSION = YES;
				GCC_WARN_ABOUT_RETURN_TYPE = YES_ERROR;
				GCC_WARN_UNDECLARED_SELECTOR = YES;
				GCC_WARN_UNINITIALIZED_AUTOS = YES_AGGRESSIVE;
				GCC_WARN_UNUSED_FUNCTION = YES;
				GCC_WARN_UNUSED_VARIABLE = YES;
				IPHONEOS_DEPLOYMENT_TARGET = 11.4;
				MTL_ENABLE_DEBUG_INFO = YES;
				ONLY_ACTIVE_ARCH = YES;
				SDKROOT = iphoneos;
				SWIFT_ACTIVE_COMPILATION_CONDITIONS = DEBUG;
				SWIFT_OPTIMIZATION_LEVEL = "-Onone";
			};
			name = Debug;
		};
		5F56DDEE20EF626700513316 /* Release */ = {
			isa = XCBuildConfiguration;
			buildSettings = {
				ALWAYS_SEARCH_USER_PATHS = NO;
				CLANG_ANALYZER_NONNULL = YES;
				CLANG_ANALYZER_NUMBER_OBJECT_CONVERSION = YES_AGGRESSIVE;
				CLANG_CXX_LANGUAGE_STANDARD = "gnu++14";
				CLANG_CXX_LIBRARY = "libc++";
				CLANG_ENABLE_MODULES = YES;
				CLANG_ENABLE_OBJC_ARC = YES;
				CLANG_ENABLE_OBJC_WEAK = YES;
				CLANG_WARN_BLOCK_CAPTURE_AUTORELEASING = YES;
				CLANG_WARN_BOOL_CONVERSION = YES;
				CLANG_WARN_COMMA = YES;
				CLANG_WARN_CONSTANT_CONVERSION = YES;
				CLANG_WARN_DEPRECATED_OBJC_IMPLEMENTATIONS = YES;
				CLANG_WARN_DIRECT_OBJC_ISA_USAGE = YES_ERROR;
				CLANG_WARN_DOCUMENTATION_COMMENTS = YES;
				CLANG_WARN_EMPTY_BODY = YES;
				CLANG_WARN_ENUM_CONVERSION = YES;
				CLANG_WARN_INFINITE_RECURSION = YES;
				CLANG_WARN_INT_CONVERSION = YES;
				CLANG_WARN_NON_LITERAL_NULL_CONVERSION = YES;
				CLANG_WARN_OBJC_IMPLICIT_RETAIN_SELF = YES;
				CLANG_WARN_OBJC_LITERAL_CONVERSION = YES;
				CLANG_WARN_OBJC_ROOT_CLASS = YES_ERROR;
				CLANG_WARN_RANGE_LOOP_ANALYSIS = YES;
				CLANG_WARN_STRICT_PROTOTYPES = YES;
				CLANG_WARN_SUSPICIOUS_MOVE = YES;
				CLANG_WARN_UNGUARDED_AVAILABILITY = YES_AGGRESSIVE;
				CLANG_WARN_UNREACHABLE_CODE = YES;
				CLANG_WARN__DUPLICATE_METHOD_MATCH = YES;
				CODE_SIGN_IDENTITY = "iPhone Developer";
				COPY_PHASE_STRIP = NO;
				DEBUG_INFORMATION_FORMAT = "dwarf-with-dsym";
				ENABLE_NS_ASSERTIONS = NO;
				ENABLE_STRICT_OBJC_MSGSEND = YES;
				GCC_C_LANGUAGE_STANDARD = gnu11;
				GCC_NO_COMMON_BLOCKS = YES;
				GCC_WARN_64_TO_32_BIT_CONVERSION = YES;
				GCC_WARN_ABOUT_RETURN_TYPE = YES_ERROR;
				GCC_WARN_UNDECLARED_SELECTOR = YES;
				GCC_WARN_UNINITIALIZED_AUTOS = YES_AGGRESSIVE;
				GCC_WARN_UNUSED_FUNCTION = YES;
				GCC_WARN_UNUSED_VARIABLE = YES;
				IPHONEOS_DEPLOYMENT_TARGET = 11.4;
				MTL_ENABLE_DEBUG_INFO = NO;
				SDKROOT = iphoneos;
				SWIFT_COMPILATION_MODE = wholemodule;
				SWIFT_OPTIMIZATION_LEVEL = "-O";
				VALIDATE_PRODUCT = YES;
			};
			name = Release;
		};
		5F56DDF020EF626700513316 /* Debug */ = {
			isa = XCBuildConfiguration;
			buildSettings = {
				ASSETCATALOG_COMPILER_APPICON_NAME = AppIcon;
				CODE_SIGN_STYLE = Automatic;
				DEVELOPMENT_TEAM = 948LL44TD3;
				INFOPLIST_FILE = GitTest/Info.plist;
				LD_RUNPATH_SEARCH_PATHS = (
					"$(inherited)",
					"@executable_path/Frameworks",
				);
				PRODUCT_BUNDLE_IDENTIFIER = kurt.test.com.GitTest;
				PRODUCT_NAME = "$(TARGET_NAME)";
				SWIFT_VERSION = 4.0;
				TARGETED_DEVICE_FAMILY = "1,2";
			};
			name = Debug;
		};
		5F56DDF120EF626700513316 /* Release */ = {
			isa = XCBuildConfiguration;
			buildSettings = {
				ASSETCATALOG_COMPILER_APPICON_NAME = AppIcon;
				CODE_SIGN_STYLE = Automatic;
				DEVELOPMENT_TEAM = 948LL44TD3;
				INFOPLIST_FILE = GitTest/Info.plist;
				LD_RUNPATH_SEARCH_PATHS = (
					"$(inherited)",
					"@executable_path/Frameworks",
				);
				PRODUCT_BUNDLE_IDENTIFIER = kurt.test.com.GitTest;
				PRODUCT_NAME = "$(TARGET_NAME)";
				SWIFT_VERSION = 4.0;
				TARGETED_DEVICE_FAMILY = "1,2";
			};
			name = Release;
		};
		5F56DDF320EF626700513316 /* Debug */ = {
			isa = XCBuildConfiguration;
			buildSettings = {
				ALWAYS_EMBED_SWIFT_STANDARD_LIBRARIES = YES;
				BUNDLE_LOADER = "$(TEST_HOST)";
				CODE_SIGN_STYLE = Automatic;
				DEVELOPMENT_TEAM = 948LL44TD3;
				INFOPLIST_FILE = GitTestTests/Info.plist;
				LD_RUNPATH_SEARCH_PATHS = (
					"$(inherited)",
					"@executable_path/Frameworks",
					"@loader_path/Frameworks",
				);
				PRODUCT_BUNDLE_IDENTIFIER = kurt.test.com.GitTestTests;
				PRODUCT_NAME = "$(TARGET_NAME)";
				SWIFT_VERSION = 4.0;
				TARGETED_DEVICE_FAMILY = "1,2";
				TEST_HOST = "$(BUILT_PRODUCTS_DIR)/GitTest.app/GitTest";
			};
			name = Debug;
		};
		5F56DDF420EF626700513316 /* Release */ = {
			isa = XCBuildConfiguration;
			buildSettings = {
				ALWAYS_EMBED_SWIFT_STANDARD_LIBRARIES = YES;
				BUNDLE_LOADER = "$(TEST_HOST)";
				CODE_SIGN_STYLE = Automatic;
				DEVELOPMENT_TEAM = 948LL44TD3;
				INFOPLIST_FILE = GitTestTests/Info.plist;
				LD_RUNPATH_SEARCH_PATHS = (
					"$(inherited)",
					"@executable_path/Frameworks",
					"@loader_path/Frameworks",
				);
				PRODUCT_BUNDLE_IDENTIFIER = kurt.test.com.GitTestTests;
				PRODUCT_NAME = "$(TARGET_NAME)";
				SWIFT_VERSION = 4.0;
				TARGETED_DEVICE_FAMILY = "1,2";
				TEST_HOST = "$(BUILT_PRODUCTS_DIR)/GitTest.app/GitTest";
			};
			name = Release;
		};
		5F56DDF620EF626700513316 /* Debug */ = {
			isa = XCBuildConfiguration;
			buildSettings = {
				ALWAYS_EMBED_SWIFT_STANDARD_LIBRARIES = YES;
				CODE_SIGN_STYLE = Automatic;
				DEVELOPMENT_TEAM = 948LL44TD3;
				INFOPLIST_FILE = GitTestUITests/Info.plist;
				LD_RUNPATH_SEARCH_PATHS = (
					"$(inherited)",
					"@executable_path/Frameworks",
					"@loader_path/Frameworks",
				);
				PRODUCT_BUNDLE_IDENTIFIER = kurt.test.com.GitTestUITests;
				PRODUCT_NAME = "$(TARGET_NAME)";
				SWIFT_VERSION = 4.0;
				TARGETED_DEVICE_FAMILY = "1,2";
				TEST_TARGET_NAME = GitTest;
			};
			name = Debug;
		};
		5F56DDF720EF626700513316 /* Release */ = {
			isa = XCBuildConfiguration;
			buildSettings = {
				ALWAYS_EMBED_SWIFT_STANDARD_LIBRARIES = YES;
				CODE_SIGN_STYLE = Automatic;
				DEVELOPMENT_TEAM = 948LL44TD3;
				INFOPLIST_FILE = GitTestUITests/Info.plist;
				LD_RUNPATH_SEARCH_PATHS = (
					"$(inherited)",
					"@executable_path/Frameworks",
					"@loader_path/Frameworks",
				);
				PRODUCT_BUNDLE_IDENTIFIER = kurt.test.com.GitTestUITests;
				PRODUCT_NAME = "$(TARGET_NAME)";
				SWIFT_VERSION = 4.0;
				TARGETED_DEVICE_FAMILY = "1,2";
				TEST_TARGET_NAME = GitTest;
			};
			name = Release;
		};
/* End XCBuildConfiguration section */

/* Begin XCConfigurationList section */
		5F56DDC220EF626400513316 /* Build configuration list for PBXProject "GitTest" */ = {
			isa = XCConfigurationList;
			buildConfigurations = (
				5F56DDED20EF626700513316 /* Debug */,
				5F56DDEE20EF626700513316 /* Release */,
			);
			defaultConfigurationIsVisible = 0;
			defaultConfigurationName = Release;
		};
		5F56DDEF20EF626700513316 /* Build configuration list for PBXNativeTarget "GitTest" */ = {
			isa = XCConfigurationList;
			buildConfigurations = (
				5F56DDF020EF626700513316 /* Debug */,
				5F56DDF120EF626700513316 /* Release */,
			);
			defaultConfigurationIsVisible = 0;
			defaultConfigurationName = Release;
		};
		5F56DDF220EF626700513316 /* Build configuration list for PBXNativeTarget "GitTestTests" */ = {
			isa = XCConfigurationList;
			buildConfigurations = (
				5F56DDF320EF626700513316 /* Debug */,
				5F56DDF420EF626700513316 /* Release */,
			);
			defaultConfigurationIsVisible = 0;
			defaultConfigurationName = Release;
		};
		5F56DDF520EF626700513316 /* Build configuration list for PBXNativeTarget "GitTestUITests" */ = {
			isa = XCConfigurationList;
			buildConfigurations = (
				5F56DDF620EF626700513316 /* Debug */,
				5F56DDF720EF626700513316 /* Release */,
			);
			defaultConfigurationIsVisible = 0;
			defaultConfigurationName = Release;
		};
/* End XCConfigurationList section */
	};
	rootObject = 5F56DDBF20EF626400513316 /* Project object */;
}
